{
  "name": "@cranbee/template-cli",
  "version": "0.4.0",
  "lockfileVersion": 1,
  "requires": true,
  "dependencies": {
    "@cranbee/template": {
      "version": "0.6.0",
      "resolved": "https://registry.npmjs.org/@cranbee/template/-/template-0.6.0.tgz",
      "integrity": "sha512-OZBnH5J2SmPxEOs90F38usOKEHPhiqgMuEokg/P1/Cwyn2DDTa1ZHH/Z439bEn7L4pBHyBu3ZKlx8UnqwLiAyw=="
    },
    "commander": {
      "version": "2.11.0",
      "resolved": "https://registry.npmjs.org/commander/-/commander-2.11.0.tgz",
      "integrity": "sha512-b0553uYA5YAEGgyYIGYROzKQ7X5RAqedkfjiZxwi0kL1g3bOaBNNZfYkzt/CL0umgD5wc9Jec2FbB98CjkMRvQ=="
    }
  }
}
