{
  "name": "@cranbee/template-cli",
  "version": "0.3.0",
  "lockfileVersion": 1,
  "dependencies": {
    "@cranbee/template": {
      "version": "0.4.0",
      "resolved": "https://registry.npmjs.org/@cranbee/template/-/template-0.4.0.tgz",
      "integrity": "sha512-XaaqrIGM0ARfjXgd5Bj1gAkRGzGqzz8hztBFAQOipsdBu2eSyaMgOm2OEhtJUL71bOKbdWKOSSRIvyw4igFQiw=="
    },
    "commander": {
      "version": "2.11.0",
      "resolved": "https://registry.npmjs.org/commander/-/commander-2.11.0.tgz",
      "integrity": "sha512-b0553uYA5YAEGgyYIGYROzKQ7X5RAqedkfjiZxwi0kL1g3bOaBNNZfYkzt/CL0umgD5wc9Jec2FbB98CjkMRvQ=="
    }
  }
}
