{
  "name": "@cranbee/template-cli",
  "version": "0.6.0",
  "lockfileVersion": 1,
  "requires": true,
  "dependencies": {
    "@cranbee/template": {
      "version": "0.7.0",
      "resolved": "https://registry.npmjs.org/@cranbee/template/-/template-0.7.0.tgz",
      "integrity": "sha512-Ui+TNuCqYE3PvXNIKbWtCyVqvi38eBla9tDY/trFovrKzR9PB+/xAP+OOKWJY/U3yFg6fCsn95ErayblOYwSBw=="
    },
    "commander": {
      "version": "2.11.0",
      "resolved": "https://registry.npmjs.org/commander/-/commander-2.11.0.tgz",
      "integrity": "sha512-b0553uYA5YAEGgyYIGYROzKQ7X5RAqedkfjiZxwi0kL1g3bOaBNNZfYkzt/CL0umgD5wc9Jec2FbB98CjkMRvQ=="
    }
  }
}
